
Microsoft Visual Studio Solution File, Format Version 12.00
# Visual Studio Version 17
VisualStudioVersion = 17.11.35312.102
MinimumVisualStudioVersion = 10.0.40219.1
Project("{FAE04EC0-301F-11D3-BF4B-00C04F79EFBC}") = "IskolaiBeiratkozasGenerator", "IskolaiBeiratkozasGenerator.csproj", "{FA5B808B-5ABC-4B1E-8A11-3692AB4B1CBE}"
EndProject
Global
	GlobalSection(SolutionConfigurationPlatforms) = preSolution
		Debug|Any CPU = Debug|Any CPU
		Release|Any CPU = Release|Any CPU
	EndGlobalSection
	GlobalSection(ProjectConfigurationPlatforms) = postSolution
		{FA5B808B-5ABC-4B1E-8A11-3692AB4B1CBE}.Debug|Any CPU.ActiveCfg = Debug|Any CPU
		{FA5B808B-5ABC-4B1E-8A11-3692AB4B1CBE}.Debug|Any CPU.Build.0 = Debug|Any CPU
		{FA5B808B-5ABC-4B1E-8A11-3692AB4B1CBE}.Release|Any CPU.ActiveCfg = Release|Any CPU
		{FA5B808B-5ABC-4B1E-8A11-3692AB4B1CBE}.Release|Any CPU.Build.0 = Release|Any CPU
	EndGlobalSection
	GlobalSection(SolutionProperties) = preSolution
		HideSolutionNode = FALSE
	EndGlobalSection
	GlobalSection(ExtensibilityGlobals) = postSolution
		SolutionGuid = {659C7213-A298-48DE-A67E-8DEE541185D1}
	EndGlobalSection
EndGlobal
